// !$*UTF8*$!
{
	archiveVersion = 1;
	classes = {
	};
	objectVersion = 48;
	objects = {

/* Begin PBXBuildFile section */
		81894AF71FC1D28F008CF51B /* RadioCell.xib in Resources */ = {isa = PBXBuildFile; fileRef = 81894AF61FC1D28F008CF51B /* RadioCell.xib */; };
		81894AF91FC1DEA7008CF51B /* RadioGroupDelegate.swift in Sources */ = {isa = PBXBuildFile; fileRef = 81894AF81FC1DEA7008CF51B /* RadioGroupDelegate.swift */; };
		81A5C4051FC1BED6003E35E3 /* RadioGroup.swift in Sources */ = {isa = PBXBuildFile; fileRef = 81A5C4041FC1BED6003E35E3 /* RadioGroup.swift */; };
		81A5C4081FC1BF46003E35E3 /* RadioGroup.xib in Resources */ = {isa = PBXBuildFile; fileRef = 81A5C4071FC1BF45003E35E3 /* RadioGroup.xib */; };
		81C0C5591FBDD9AA00969BE8 /* AppDelegate.swift in Sources */ = {isa = PBXBuildFile; fileRef = 81C0C5581FBDD9AA00969BE8 /* AppDelegate.swift */; };
		81C0C55B1FBDD9AA00969BE8 /* ViewController.swift in Sources */ = {isa = PBXBuildFile; fileRef = 81C0C55A1FBDD9AA00969BE8 /* ViewController.swift */; };
		81C0C55E1FBDD9AA00969BE8 /* Main.storyboard in Resources */ = {isa = PBXBuildFile; fileRef = 81C0C55C1FBDD9AA00969BE8 /* Main.storyboard */; };
		81C0C5601FBDD9AA00969BE8 /* Assets.xcassets in Resources */ = {isa = PBXBuildFile; fileRef = 81C0C55F1FBDD9AA00969BE8 /* Assets.xcassets */; };
		81C0C5631FBDD9AA00969BE8 /* LaunchScreen.storyboard in Resources */ = {isa = PBXBuildFile; fileRef = 81C0C5611FBDD9AA00969BE8 /* LaunchScreen.storyboard */; };
		81C0C56B1FBDD9D300969BE8 /* CheckBox.swift in Sources */ = {isa = PBXBuildFile; fileRef = 81C0C56A1FBDD9D300969BE8 /* CheckBox.swift */; };
		81C0C56D1FBDDA9D00969BE8 /* Group.xcassets in Resources */ = {isa = PBXBuildFile; fileRef = 81C0C56C1FBDDA9D00969BE8 /* Group.xcassets */; };
		81C0C56F1FBDDB9C00969BE8 /* CheckBox.xib in Resources */ = {isa = PBXBuildFile; fileRef = 81C0C56E1FBDDB9C00969BE8 /* CheckBox.xib */; };
		81C0C5711FBDE96400969BE8 /* CheckBoxDelegate.swift in Sources */ = {isa = PBXBuildFile; fileRef = 81C0C5701FBDE96400969BE8 /* CheckBoxDelegate.swift */; };
		81F361AE1FC5BC9400094D9E /* Simulator Screen Shot - iPhone 8 Plus - 2017-11-22 at 16.07.46.png in Resources */ = {isa = PBXBuildFile; fileRef = 81F361AC1FC5BC8200094D9E /* Simulator Screen Shot - iPhone 8 Plus - 2017-11-22 at 16.07.46.png */; };
/* End PBXBuildFile section */

/* Begin PBXFileReference section */
		81894AF61FC1D28F008CF51B /* RadioCell.xib */ = {isa = PBXFileReference; lastKnownFileType = file.xib; path = RadioCell.xib; sourceTree = "<group>"; };
		81894AF81FC1DEA7008CF51B /* RadioGroupDelegate.swift */ = {isa = PBXFileReference; lastKnownFileType = sourcecode.swift; path = RadioGroupDelegate.swift; sourceTree = "<group>"; };
		81A5C4041FC1BED6003E35E3 /* RadioGroup.swift */ = {isa = PBXFileReference; lastKnownFileType = sourcecode.swift; path = RadioGroup.swift; sourceTree = "<group>"; };
		81A5C4071FC1BF45003E35E3 /* RadioGroup.xib */ = {isa = PBXFileReference; lastKnownFileType = file.xib; path = RadioGroup.xib; sourceTree = "<group>"; };
		81C0C5551FBDD9AA00969BE8 /* CheckBox.app */ = {isa = PBXFileReference; explicitFileType = wrapper.application; includeInIndex = 0; path = CheckBox.app; sourceTree = BUILT_PRODUCTS_DIR; };
		81C0C5581FBDD9AA00969BE8 /* AppDelegate.swift */ = {isa = PBXFileReference; lastKnownFileType = sourcecode.swift; path = AppDelegate.swift; sourceTree = "<group>"; };
		81C0C55A1FBDD9AA00969BE8 /* ViewController.swift */ = {isa = PBXFileReference; lastKnownFileType = sourcecode.swift; path = ViewController.swift; sourceTree = "<group>"; };
		81C0C55D1FBDD9AA00969BE8 /* Base */ = {isa = PBXFileReference; lastKnownFileType = file.storyboard; name = Base; path = Base.lproj/Main.storyboard; sourceTree = "<group>"; };
		81C0C55F1FBDD9AA00969BE8 /* Assets.xcassets */ = {isa = PBXFileReference; lastKnownFileType = folder.assetcatalog; path = Assets.xcassets; sourceTree = "<group>"; };
		81C0C5621FBDD9AA00969BE8 /* Base */ = {isa = PBXFileReference; lastKnownFileType = file.storyboard; name = Base; path = Base.lproj/LaunchScreen.storyboard; sourceTree = "<group>"; };
		81C0C5641FBDD9AA00969BE8 /* Info.plist */ = {isa = PBXFileReference; lastKnownFileType = text.plist.xml; path = Info.plist; sourceTree = "<group>"; };
		81C0C56A1FBDD9D300969BE8 /* CheckBox.swift */ = {isa = PBXFileReference; lastKnownFileType = sourcecode.swift; path = CheckBox.swift; sourceTree = "<group>"; };
		81C0C56C1FBDDA9D00969BE8 /* Group.xcassets */ = {isa = PBXFileReference; lastKnownFileType = folder.assetcatalog; path = Group.xcassets; sourceTree = "<group>"; };
		81C0C56E1FBDDB9C00969BE8 /* CheckBox.xib */ = {isa = PBXFileReference; lastKnownFileType = file.xib; path = CheckBox.xib; sourceTree = "<group>"; };
		81C0C5701FBDE96400969BE8 /* CheckBoxDelegate.swift */ = {isa = PBXFileReference; lastKnownFileType = sourcecode.swift; path = CheckBoxDelegate.swift; sourceTree = "<group>"; };
		81F361AC1FC5BC8200094D9E /* Simulator Screen Shot - iPhone 8 Plus - 2017-11-22 at 16.07.46.png */ = {isa = PBXFileReference; lastKnownFileType = image.png; path = "Simulator Screen Shot - iPhone 8 Plus - 2017-11-22 at 16.07.46.png"; sourceTree = "<group>"; };
/* End PBXFileReference section */

/* Begin PBXFrameworksBuildPhase section */
		81C0C5521FBDD9AA00969BE8 /* Frameworks */ = {
			isa = PBXFrameworksBuildPhase;
			buildActionMask = 2147483647;
			files = (
			);
			runOnlyForDeploymentPostprocessing = 0;
		};
/* End PBXFrameworksBuildPhase section */

/* Begin PBXGroup section */
		81C0C54C1FBDD9AA00969BE8 = {
			isa = PBXGroup;
			children = (
				81894AF81FC1DEA7008CF51B /* RadioGroupDelegate.swift */,
				81894AF61FC1D28F008CF51B /* RadioCell.xib */,
				81A5C4071FC1BF45003E35E3 /* RadioGroup.xib */,
				81A5C4041FC1BED6003E35E3 /* RadioGroup.swift */,
				81C0C5701FBDE96400969BE8 /* CheckBoxDelegate.swift */,
				81C0C56E1FBDDB9C00969BE8 /* CheckBox.xib */,
				81C0C56A1FBDD9D300969BE8 /* CheckBox.swift */,
				81C0C56C1FBDDA9D00969BE8 /* Group.xcassets */,
				81C0C5571FBDD9AA00969BE8 /* CheckBox */,
				81C0C5561FBDD9AA00969BE8 /* Products */,
			);
			sourceTree = "<group>";
		};
		81C0C5561FBDD9AA00969BE8 /* Products */ = {
			isa = PBXGroup;
			children = (
				81C0C5551FBDD9AA00969BE8 /* CheckBox.app */,
			);
			name = Products;
			sourceTree = "<group>";
		};
		81C0C5571FBDD9AA00969BE8 /* CheckBox */ = {
			isa = PBXGroup;
			children = (
				81F361AD1FC5BC8500094D9E /* screen shot  */,
				81C0C5581FBDD9AA00969BE8 /* AppDelegate.swift */,
				81C0C55A1FBDD9AA00969BE8 /* ViewController.swift */,
				81C0C55C1FBDD9AA00969BE8 /* Main.storyboard */,
				81C0C55F1FBDD9AA00969BE8 /* Assets.xcassets */,
				81C0C5611FBDD9AA00969BE8 /* LaunchScreen.storyboard */,
				81C0C5641FBDD9AA00969BE8 /* Info.plist */,
			);
			path = CheckBox;
			sourceTree = "<group>";
		};
		81F361AD1FC5BC8500094D9E /* screen shot  */ = {
			isa = PBXGroup;
			children = (
				81F361AC1FC5BC8200094D9E /* Simulator Screen Shot - iPhone 8 Plus - 2017-11-22 at 16.07.46.png */,
			);
			path = "screen shot ";
			sourceTree = "<group>";
		};
/* End PBXGroup section */

/* Begin PBXNativeTarget section */
		81C0C5541FBDD9AA00969BE8 /* CheckBox */ = {
			isa = PBXNativeTarget;
			buildConfigurationList = 81C0C5671FBDD9AA00969BE8 /* Build configuration list for PBXNativeTarget "CheckBox" */;
			buildPhases = (
				81C0C5511FBDD9AA00969BE8 /* Sources */,
				81C0C5521FBDD9AA00969BE8 /* Frameworks */,
				81C0C5531FBDD9AA00969BE8 /* Resources */,
			);
			buildRules = (
			);
			dependencies = (
			);
			name = CheckBox;
			productName = CheckBox;
			productReference = 81C0C5551FBDD9AA00969BE8 /* CheckBox.app */;
			productType = "com.apple.product-type.application";
		};
/* End PBXNativeTarget section */

/* Begin PBXProject section */
		81C0C54D1FBDD9AA00969BE8 /* Project object */ = {
			isa = PBXProject;
			attributes = {
				LastSwiftUpdateCheck = 0900;
				LastUpgradeCheck = 0900;
				ORGANIZATIONNAME = "Ragaie alfy";
				TargetAttributes = {
					81C0C5541FBDD9AA00969BE8 = {
						CreatedOnToolsVersion = 9.0;
						ProvisioningStyle = Automatic;
					};
				};
			};
			buildConfigurationList = 81C0C5501FBDD9AA00969BE8 /* Build configuration list for PBXProject "CheckBox" */;
			compatibilityVersion = "Xcode 8.0";
			developmentRegion = en;
			hasScannedForEncodings = 0;
			knownRegions = (
				en,
				Base,
			);
			mainGroup = 81C0C54C1FBDD9AA00969BE8;
			productRefGroup = 81C0C5561FBDD9AA00969BE8 /* Products */;
			projectDirPath = "";
			projectRoot = "";
			targets = (
				81C0C5541FBDD9AA00969BE8 /* CheckBox */,
			);
		};
/* End PBXProject section */

/* Begin PBXResourcesBuildPhase section */
		81C0C5531FBDD9AA00969BE8 /* Resources */ = {
			isa = PBXResourcesBuildPhase;
			buildActionMask = 2147483647;
			files = (
				81C0C56D1FBDDA9D00969BE8 /* Group.xcassets in Resources */,
				81C0C5631FBDD9AA00969BE8 /* LaunchScreen.storyboard in Resources */,
				81C0C5601FBDD9AA00969BE8 /* Assets.xcassets in Resources */,
				81F361AE1FC5BC9400094D9E /* Simulator Screen Shot - iPhone 8 Plus - 2017-11-22 at 16.07.46.png in Resources */,
				81C0C55E1FBDD9AA00969BE8 /* Main.storyboard in Resources */,
				81C0C56F1FBDDB9C00969BE8 /* CheckBox.xib in Resources */,
				81894AF71FC1D28F008CF51B /* RadioCell.xib in Resources */,
				81A5C4081FC1BF46003E35E3 /* RadioGroup.xib in Resources */,
			);
			runOnlyForDeploymentPostprocessing = 0;
		};
/* End PBXResourcesBuildPhase section */

/* Begin PBXSourcesBuildPhase section */
		81C0C5511FBDD9AA00969BE8 /* Sources */ = {
			isa = PBXSourcesBuildPhase;
			buildActionMask = 2147483647;
			files = (
				81894AF91FC1DEA7008CF51B /* RadioGroupDelegate.swift in Sources */,
				81A5C4051FC1BED6003E35E3 /* RadioGroup.swift in Sources */,
				81C0C55B1FBDD9AA00969BE8 /* ViewController.swift in Sources */,
				81C0C5591FBDD9AA00969BE8 /* AppDelegate.swift in Sources */,
				81C0C56B1FBDD9D300969BE8 /* CheckBox.swift in Sources */,
				81C0C5711FBDE96400969BE8 /* CheckBoxDelegate.swift in Sources */,
			);
			runOnlyForDeploymentPostprocessing = 0;
		};
/* End PBXSourcesBuildPhase section */

/* Begin PBXVariantGroup section */
		81C0C55C1FBDD9AA00969BE8 /* Main.storyboard */ = {
			isa = PBXVariantGroup;
			children = (
				81C0C55D1FBDD9AA00969BE8 /* Base */,
			);
			name = Main.storyboard;
			sourceTree = "<group>";
		};
		81C0C5611FBDD9AA00969BE8 /* LaunchScreen.storyboard */ = {
			isa = PBXVariantGroup;
			children = (
				81C0C5621FBDD9AA00969BE8 /* Base */,
			);
			name = LaunchScreen.storyboard;
			sourceTree = "<group>";
		};
/* End PBXVariantGroup section */

/* Begin XCBuildConfiguration section */
		81C0C5651FBDD9AA00969BE8 /* Debug */ = {
			isa = XCBuildConfiguration;
			buildSettings = {
				ALWAYS_SEARCH_USER_PATHS = NO;
				CLANG_ANALYZER_NONNULL = YES;
				CLANG_ANALYZER_NUMBER_OBJECT_CONVERSION = YES_AGGRESSIVE;
				CLANG_CXX_LANGUAGE_STANDARD = "gnu++14";
				CLANG_CXX_LIBRARY = "libc++";
				CLANG_ENABLE_MODULES = YES;
				CLANG_ENABLE_OBJC_ARC = YES;
				CLANG_WARN_BLOCK_CAPTURE_AUTORELEASING = YES;
				CLANG_WARN_BOOL_CONVERSION = YES;
				CLANG_WARN_COMMA = YES;
				CLANG_WARN_CONSTANT_CONVERSION = YES;
				CLANG_WARN_DIRECT_OBJC_ISA_USAGE = YES_ERROR;
				CLANG_WARN_DOCUMENTATION_COMMENTS = YES;
				CLANG_WARN_EMPTY_BODY = YES;
				CLANG_WARN_ENUM_CONVERSION = YES;
				CLANG_WARN_INFINITE_RECURSION = YES;
				CLANG_WARN_INT_CONVERSION = YES;
				CLANG_WARN_NON_LITERAL_NULL_CONVERSION = YES;
				CLANG_WARN_OBJC_LITERAL_CONVERSION = YES;
				CLANG_WARN_OBJC_ROOT_CLASS = YES_ERROR;
				CLANG_WARN_RANGE_LOOP_ANALYSIS = YES;
				CLANG_WARN_STRICT_PROTOTYPES = YES;
				CLANG_WARN_SUSPICIOUS_MOVE = YES;
				CLANG_WARN_UNGUARDED_AVAILABILITY = YES_AGGRESSIVE;
				CLANG_WARN_UNREACHABLE_CODE = YES;
				CLANG_WARN__DUPLICATE_METHOD_MATCH = YES;
				CODE_SIGN_IDENTITY = "iPhone Developer";
				COPY_PHASE_STRIP = NO;
				DEBUG_INFORMATION_FORMAT = dwarf;
				ENABLE_STRICT_OBJC_MSGSEND = YES;
				ENABLE_TESTABILITY = YES;
				GCC_C_LANGUAGE_STANDARD = gnu11;
				GCC_DYNAMIC_NO_PIC = NO;
				GCC_NO_COMMON_BLOCKS = YES;
				GCC_OPTIMIZATION_LEVEL = 0;
				GCC_PREPROCESSOR_DEFINITIONS = (
					"DEBUG=1",
					"$(inherited)",
				);
				GCC_WARN_64_TO_32_BIT_CONVERSION = YES;
				GCC_WARN_ABOUT_RETURN_TYPE = YES_ERROR;
				GCC_WARN_UNDECLARED_SELECTOR = YES;
				GCC_WARN_UNINITIALIZED_AUTOS = YES_AGGRESSIVE;
				GCC_WARN_UNUSED_FUNCTION = YES;
				GCC_WARN_UNUSED_VARIABLE = YES;
				IPHONEOS_DEPLOYMENT_TARGET = 8.0;
				MTL_ENABLE_DEBUG_INFO = YES;
				ONLY_ACTIVE_ARCH = YES;
				SDKROOT = iphoneos;
				SWIFT_ACTIVE_COMPILATION_CONDITIONS = DEBUG;
				SWIFT_OPTIMIZATION_LEVEL = "-Onone";
			};
			name = Debug;
		};
		81C0C5661FBDD9AA00969BE8 /* Release */ = {
			isa = XCBuildConfiguration;
			buildSettings = {
				ALWAYS_SEARCH_USER_PATHS = NO;
				CLANG_ANALYZER_NONNULL = YES;
				CLANG_ANALYZER_NUMBER_OBJECT_CONVERSION = YES_AGGRESSIVE;
				CLANG_CXX_LANGUAGE_STANDARD = "gnu++14";
				CLANG_CXX_LIBRARY = "libc++";
				CLANG_ENABLE_MODULES = YES;
				CLANG_ENABLE_OBJC_ARC = YES;
				CLANG_WARN_BLOCK_CAPTURE_AUTORELEASING = YES;
				CLANG_WARN_BOOL_CONVERSION = YES;
				CLANG_WARN_COMMA = YES;
				CLANG_WARN_CONSTANT_CONVERSION = YES;
				CLANG_WARN_DIRECT_OBJC_ISA_USAGE = YES_ERROR;
				CLANG_WARN_DOCUMENTATION_COMMENTS = YES;
				CLANG_WARN_EMPTY_BODY = YES;
				CLANG_WARN_ENUM_CONVERSION = YES;
				CLANG_WARN_INFINITE_RECURSION = YES;
				CLANG_WARN_INT_CONVERSION = YES;
				CLANG_WARN_NON_LITERAL_NULL_CONVERSION = YES;
				CLANG_WARN_OBJC_LITERAL_CONVERSION = YES;
				CLANG_WARN_OBJC_ROOT_CLASS = YES_ERROR;
				CLANG_WARN_RANGE_LOOP_ANALYSIS = YES;
				CLANG_WARN_STRICT_PROTOTYPES = YES;
				CLANG_WARN_SUSPICIOUS_MOVE = YES;
				CLANG_WARN_UNGUARDED_AVAILABILITY = YES_AGGRESSIVE;
				CLANG_WARN_UNREACHABLE_CODE = YES;
				CLANG_WARN__DUPLICATE_METHOD_MATCH = YES;
				CODE_SIGN_IDENTITY = "iPhone Developer";
				COPY_PHASE_STRIP = NO;
				DEBUG_INFORMATION_FORMAT = "dwarf-with-dsym";
				ENABLE_NS_ASSERTIONS = NO;
				ENABLE_STRICT_OBJC_MSGSEND = YES;
				GCC_C_LANGUAGE_STANDARD = gnu11;
				GCC_NO_COMMON_BLOCKS = YES;
				GCC_WARN_64_TO_32_BIT_CONVERSION = YES;
				GCC_WARN_ABOUT_RETURN_TYPE = YES_ERROR;
				GCC_WARN_UNDECLARED_SELECTOR = YES;
				GCC_WARN_UNINITIALIZED_AUTOS = YES_AGGRESSIVE;
				GCC_WARN_UNUSED_FUNCTION = YES;
				GCC_WARN_UNUSED_VARIABLE = YES;
				IPHONEOS_DEPLOYMENT_TARGET = 8.0;
				MTL_ENABLE_DEBUG_INFO = NO;
				SDKROOT = iphoneos;
				SWIFT_OPTIMIZATION_LEVEL = "-Owholemodule";
				VALIDATE_PRODUCT = YES;
			};
			name = Release;
		};
		81C0C5681FBDD9AA00969BE8 /* Debug */ = {
			isa = XCBuildConfiguration;
			buildSettings = {
				ASSETCATALOG_COMPILER_APPICON_NAME = AppIcon;
				CODE_SIGN_STYLE = Automatic;
				DEVELOPMENT_TEAM = 8Z3K9T9U74;
				INFOPLIST_FILE = CheckBox/Info.plist;
				IPHONEOS_DEPLOYMENT_TARGET = 8.0;
				LD_RUNPATH_SEARCH_PATHS = "$(inherited) @executable_path/Frameworks";
				PRODUCT_BUNDLE_IDENTIFIER = Chtar.CheckBox;
				PRODUCT_NAME = "$(TARGET_NAME)";
				SWIFT_VERSION = 4.0;
				TARGETED_DEVICE_FAMILY = "1,2";
			};
			name = Debug;
		};
		81C0C5691FBDD9AA00969BE8 /* Release */ = {
			isa = XCBuildConfiguration;
			buildSettings = {
				ASSETCATALOG_COMPILER_APPICON_NAME = AppIcon;
				CODE_SIGN_STYLE = Automatic;
				DEVELOPMENT_TEAM = 8Z3K9T9U74;
				INFOPLIST_FILE = CheckBox/Info.plist;
				IPHONEOS_DEPLOYMENT_TARGET = 8.0;
				LD_RUNPATH_SEARCH_PATHS = "$(inherited) @executable_path/Frameworks";
				PRODUCT_BUNDLE_IDENTIFIER = Chtar.CheckBox;
				PRODUCT_NAME = "$(TARGET_NAME)";
				SWIFT_VERSION = 4.0;
				TARGETED_DEVICE_FAMILY = "1,2";
			};
			name = Release;
		};
/* End XCBuildConfiguration section */

/* Begin XCConfigurationList section */
		81C0C5501FBDD9AA00969BE8 /* Build configuration list for PBXProject "CheckBox" */ = {
			isa = XCConfigurationList;
			buildConfigurations = (
				81C0C5651FBDD9AA00969BE8 /* Debug */,
				81C0C5661FBDD9AA00969BE8 /* Release */,
			);
			defaultConfigurationIsVisible = 0;
			defaultConfigurationName = Release;
		};
		81C0C5671FBDD9AA00969BE8 /* Build configuration list for PBXNativeTarget "CheckBox" */ = {
			isa = XCConfigurationList;
			buildConfigurations = (
				81C0C5681FBDD9AA00969BE8 /* Debug */,
				81C0C5691FBDD9AA00969BE8 /* Release */,
			);
			defaultConfigurationIsVisible = 0;
			defaultConfigurationName = Release;
		};
/* End XCConfigurationList section */
	};
	rootObject = 81C0C54D1FBDD9AA00969BE8 /* Project object */;
}
